github.com/davecgh/go-spew v1.1.1 h1:vj9j/u1bqnvCEfJOwUhtlOARqs3+rkHYY13jYWTU97c=
github.com/davecgh/go-spew v1.1.1/go.mod h1:J7Y8YcW2NihsgmVo/mv3lAwl/skON4iLHjSsI+c5H38=
github.com/deckarep/golang-set v1.8.0 h1:sk9/l/KqpunDwP7pSjUg0keiOOLEnOBHzykLrsPppp4=
github.com/deckarep/golang-set v1.8.0/go.mod h1:5nI87KwE7wgsBU1F4GKAw2Qod7p5kyS383rP6+o6qqo=
github.com/go-jose/go-jose/v4 v4.0.4 h1:VsjPI33J0SB9vQM6PLmNjoHqMQNGPiZ0rHL7Ni7Q6/E=
github.com/go-jose/go-jose/v4 v4.0.4/go.mod h1:NKb5HO1EZccyMpiZNbdUw/14tiXNyUJh188dfnMCAfc=
github.com/google/go-cmp v0.6.0 h1:ofyhxvXcZhMsU5ulbFiLKl/XBFqE1GSq7atu8tAmTRI=
github.com/google/go-cmp v0.6.0/go.mod h1:17dUlkBOakJ0+DkrSSNjCkIjxS6bF9zb3elmeNGIjoY=
github.com/nilorg/pkg v0.0.0-20240426083412-3cf0c3c3c388 h1:2UlRT+lt+8DzgXStUlfq5MJypUxDcGaOM+HNNuCppvs=
github.com/nilorg/pkg v0.0.0-20240426083412-3cf0c3c3c388/go.mod h1:P8mBYGP1H2eFxc23dyuYYwSuYWhi4GCWfgyNeBildbs=
github.com/nilorg/sdk v0.0.0-20231213035036-8725c39df5a6 h1:n+IqsuKk7CvrGOqL/GHvwBukoxN9NTqnlhLWznHKyOk=
github.com/nilorg/sdk v0.0.0-20231213035036-8725c39df5a6/go.mod h1:X1swpPdqguAZaBDoEPyEWHSsJii0YQ1o+3piMv6W3JU=
github.com/pmezard/go-difflib v1.0.0 h1:4DBwDE0NGyQoBHbLQYPwSUPoCMWR5BEzIk/f1lZbAQM=
github.com/pmezard/go-difflib v1.0.0/go.mod h1:iKH77koFhYxTK1pcRnkKkqfTogsbg7gZNVY4sRDYZ/4=
github.com/stretchr/testify v1.9.0 h1:HtqpIVDClZ4nwg75+f6Lvsy/wHu+3BoSGCbBAcpTsTg=
github.com/stretchr/testify v1.9.0/go.mod h1:r2ic/lqez/lEtzL7wO/rwa5dbSLXVDPFyf8C91i36aY=
golang.org/x/crypto v0.25.0 h1:ypSNr+bnYL2YhwoMt2zPxHFmbAN1KZs/njMG3hxUp30=
golang.org/x/crypto v0.25.0/go.mod h1:T+wALwcMOSE0kXgUAnPAHqTLW+XHgcELELW8VaDgm/M=
gopkg.in/yaml.v3 v3.0.1 h1:fxVm/GzAzEWqLHuvctI91KS9hhNmmWOoWu0XTYJS7CA=
gopkg.in/yaml.v3 v3.0.1/go.mod h1:K4uyk7z7BCEPqu6E+C64Yfv1cQ7kz7rIZviUmN+EgEM=
